
Microsoft Visual Studio Solution File, Format Version 12.00
# Visual Studio Version 16
VisualStudioVersion = 16.0.31321.278
MinimumVisualStudioVersion = 10.0.40219.1
Project("{FAE04EC0-301F-11D3-BF4B-00C04F79EFBC}") = "E-Shop", "E-Shop\E-Shop.csproj", "{04F55557-396A-45B9-8004-723261C855B5}"
EndProject
Global
	GlobalSection(SolutionConfigurationPlatforms) = preSolution
		Debug|Any CPU = Debug|Any CPU
		Release|Any CPU = Release|Any CPU
	EndGlobalSection
	GlobalSection(ProjectConfigurationPlatforms) = postSolution
		{04F55557-396A-45B9-8004-723261C855B5}.Debug|Any CPU.ActiveCfg = Debug|Any CPU
		{04F55557-396A-45B9-8004-723261C855B5}.Debug|Any CPU.Build.0 = Debug|Any CPU
		{04F55557-396A-45B9-8004-723261C855B5}.Release|Any CPU.ActiveCfg = Release|Any CPU
		{04F55557-396A-45B9-8004-723261C855B5}.Release|Any CPU.Build.0 = Release|Any CPU
	EndGlobalSection
	GlobalSection(SolutionProperties) = preSolution
		HideSolutionNode = FALSE
	EndGlobalSection
	GlobalSection(ExtensibilityGlobals) = postSolution
		SolutionGuid = {720521DE-654C-4C85-8265-4BCF032953B3}
	EndGlobalSection
EndGlobal
